<?xml version="1.0" encoding="utf-8"?>
<Project ToolsVersion="4.0" xmlns="http://schemas.microsoft.com/developer/msbuild/2003">
  <ItemGroup>
    <Filter Include="Source Files">
      <UniqueIdentifier>{4FC737F1-C7A5-4376-A066-2A32D752A2FF}</UniqueIdentifier>
      <Extensions>cpp;c;cc;cxx;def;odl;idl;hpj;bat;asm;asmx</Extensions>
    </Filter>
    <Filter Include="Header Files">
      <UniqueIdentifier>{93995380-89BD-4b04-88EB-625FBE52EBFB}</UniqueIdentifier>
      <Extensions>h;hh;hpp;hxx;hm;inl;inc;xsd</Extensions>
    </Filter>
  </ItemGroup>
  <ItemGroup>
    <ClCompile Include="archie.c">
      <Filter>Source Files</Filter>
    </ClCompile>
    <ClCompile Include="boot.c">
      <Filter>Source Files</Filter>
    </ClCompile>
    <ClCompile Include="config.c">
      <Filter>Source Files</Filter>
    </ClCompile>
    <ClCompile Include="fdd.c">
      <Filter>Source Files</Filter>
    </ClCompile>
    <ClCompile Include="fpga_io.c">
      <Filter>Source Files</Filter>
    </ClCompile>
    <ClCompile Include="hardware.c">
      <Filter>Source Files</Filter>
    </ClCompile>
    <ClCompile Include="hdd.c">
      <Filter>Source Files</Filter>
    </ClCompile>
    <ClCompile Include="ikbd.c">
      <Filter>Source Files</Filter>
    </ClCompile>
    <ClCompile Include="ini_parser.c">
      <Filter>Source Files</Filter>
    </ClCompile>
    <ClCompile Include="input.c">
      <Filter>Source Files</Filter>
    </ClCompile>
    <ClCompile Include="main.c">
      <Filter>Source Files</Filter>
    </ClCompile>
    <ClCompile Include="menu.c">
      <Filter>Source Files</Filter>
    </ClCompile>
    <ClCompile Include="mist_cfg.c">
      <Filter>Source Files</Filter>
    </ClCompile>
    <ClCompile Include="osd.c">
      <Filter>Source Files</Filter>
    </ClCompile>
    <ClCompile Include="spi.c">
      <Filter>Source Files</Filter>
    </ClCompile>
    <ClCompile Include="tos.c">
      <Filter>Source Files</Filter>
    </ClCompile>
    <ClCompile Include="user_io.c">
      <Filter>Source Files</Filter>
    </ClCompile>
    <ClCompile Include="file_io.c">
      <Filter>Source Files</Filter>
    </ClCompile>
    <ClCompile Include="x86.c">
      <Filter>Source Files</Filter>
    </ClCompile>
  </ItemGroup>
  <ItemGroup>
    <ClInclude Include="archie.h">
      <Filter>Header Files</Filter>
    </ClInclude>
    <ClInclude Include="boot.h">
      <Filter>Header Files</Filter>
    </ClInclude>
    <ClInclude Include="charrom.h">
      <Filter>Header Files</Filter>
    </ClInclude>
    <ClInclude Include="config.h">
      <Filter>Header Files</Filter>
    </ClInclude>
    <ClInclude Include="debug.h">
      <Filter>Header Files</Filter>
    </ClInclude>
    <ClInclude Include="fdd.h">
      <Filter>Header Files</Filter>
    </ClInclude>
    <ClInclude Include="fpga_base_addr_ac5.h">
      <Filter>Header Files</Filter>
    </ClInclude>
    <ClInclude Include="fpga_io.h">
      <Filter>Header Files</Filter>
    </ClInclude>
    <ClInclude Include="fpga_manager.h">
      <Filter>Header Files</Filter>
    </ClInclude>
    <ClInclude Include="fpga_nic301.h">
      <Filter>Header Files</Filter>
    </ClInclude>
    <ClInclude Include="fpga_reset_manager.h">
      <Filter>Header Files</Filter>
    </ClInclude>
    <ClInclude Include="fpga_system_manager.h">
      <Filter>Header Files</Filter>
    </ClInclude>
    <ClInclude Include="hardware.h">
      <Filter>Header Files</Filter>
    </ClInclude>
    <ClInclude Include="hdd.h">
      <Filter>Header Files</Filter>
    </ClInclude>
    <ClInclude Include="hdd_internal.h">
      <Filter>Header Files</Filter>
    </ClInclude>
    <ClInclude Include="ikbd.h">
      <Filter>Header Files</Filter>
    </ClInclude>
    <ClInclude Include="ini_parser.h">
      <Filter>Header Files</Filter>
    </ClInclude>
    <ClInclude Include="input.h">
      <Filter>Header Files</Filter>
    </ClInclude>
    <ClInclude Include="keycodes.h">
      <Filter>Header Files</Filter>
    </ClInclude>
    <ClInclude Include="logo.h">
      <Filter>Header Files</Filter>
    </ClInclude>
    <ClInclude Include="menu.h">
      <Filter>Header Files</Filter>
    </ClInclude>
    <ClInclude Include="mist_cfg.h">
      <Filter>Header Files</Filter>
    </ClInclude>
    <ClInclude Include="osd.h">
      <Filter>Header Files</Filter>
    </ClInclude>
    <ClInclude Include="spi.h">
      <Filter>Header Files</Filter>
    </ClInclude>
    <ClInclude Include="tos.h">
      <Filter>Header Files</Filter>
    </ClInclude>
    <ClInclude Include="user_io.h">
      <Filter>Header Files</Filter>
    </ClInclude>
    <ClInclude Include="file_io.h">
      <Filter>Header Files</Filter>
    </ClInclude>
    <ClInclude Include="x86.h">
      <Filter>Header Files</Filter>
    </ClInclude>
  </ItemGroup>
  <ItemGroup>
    <None Include="build.sh" />
    <None Include="Makefile" />
    <None Include="clean.sh" />
  </ItemGroup>
</Project>