<?xml version="1.0" encoding="utf-8"?>
<Project ToolsVersion="4.0" xmlns="http://schemas.microsoft.com/developer/msbuild/2003">
  <ItemGroup>
    <Filter Include="Source Files">
      <UniqueIdentifier>{4FC737F1-C7A5-4376-A066-2A32D752A2FF}</UniqueIdentifier>
      <Extensions>cpp;c;cc;cxx;def;odl;idl;hpj;bat;asm;asmx</Extensions>
    </Filter>
    <Filter Include="Header Files">
      <UniqueIdentifier>{93995380-89BD-4b04-88EB-625FBE52EBFB}</UniqueIdentifier>
      <Extensions>h;hh;hpp;hxx;hm;inl;inc;xsd</Extensions>
    </Filter>
  </ItemGroup>
  <ItemGroup>
    <ClCompile Include="archie.cpp">
      <Filter>Source Files</Filter>
    </ClCompile>
    <ClCompile Include="fpga_io.cpp">
      <Filter>Source Files</Filter>
    </ClCompile>
    <ClCompile Include="hardware.cpp">
      <Filter>Source Files</Filter>
    </ClCompile>
    <ClCompile Include="ini_parser.cpp">
      <Filter>Source Files</Filter>
    </ClCompile>
    <ClCompile Include="input.cpp">
      <Filter>Source Files</Filter>
    </ClCompile>
    <ClCompile Include="main.cpp">
      <Filter>Source Files</Filter>
    </ClCompile>
    <ClCompile Include="menu.cpp">
      <Filter>Source Files</Filter>
    </ClCompile>
    <ClCompile Include="osd.cpp">
      <Filter>Source Files</Filter>
    </ClCompile>
    <ClCompile Include="spi.cpp">
      <Filter>Source Files</Filter>
    </ClCompile>
    <ClCompile Include="user_io.cpp">
      <Filter>Source Files</Filter>
    </ClCompile>
    <ClCompile Include="file_io.cpp">
      <Filter>Source Files</Filter>
    </ClCompile>
    <ClCompile Include="x86.cpp">
      <Filter>Source Files</Filter>
    </ClCompile>
    <ClCompile Include="tzx2wav.cpp">
      <Filter>Source Files</Filter>
    </ClCompile>
    <ClCompile Include="DiskImage.cpp">
      <Filter>Source Files</Filter>
    </ClCompile>
    <ClCompile Include="cfg.cpp">
      <Filter>Source Files</Filter>
    </ClCompile>
    <ClCompile Include="minimig_boot.cpp">
      <Filter>Source Files</Filter>
    </ClCompile>
    <ClCompile Include="minimig_config.cpp">
      <Filter>Source Files</Filter>
    </ClCompile>
    <ClCompile Include="minimig_fdd.cpp">
      <Filter>Source Files</Filter>
    </ClCompile>
    <ClCompile Include="minimig_hdd.cpp">
      <Filter>Source Files</Filter>
    </ClCompile>
    <ClCompile Include="st_ikbd.cpp">
      <Filter>Source Files</Filter>
    </ClCompile>
    <ClCompile Include="st_tos.cpp">
      <Filter>Source Files</Filter>
    </ClCompile>
    <ClCompile Include="brightness.cpp">
      <Filter>Source Files</Filter>
    </ClCompile>
    <ClCompile Include="battery.cpp">
      <Filter>Source Files</Filter>
    </ClCompile>
    <ClCompile Include="sxmlc.c">
      <Filter>Source Files</Filter>
    </ClCompile>
  </ItemGroup>
  <ItemGroup>
    <ClInclude Include="archie.h">
      <Filter>Header Files</Filter>
    </ClInclude>
    <ClInclude Include="charrom.h">
      <Filter>Header Files</Filter>
    </ClInclude>
    <ClInclude Include="debug.h">
      <Filter>Header Files</Filter>
    </ClInclude>
    <ClInclude Include="fpga_base_addr_ac5.h">
      <Filter>Header Files</Filter>
    </ClInclude>
    <ClInclude Include="fpga_io.h">
      <Filter>Header Files</Filter>
    </ClInclude>
    <ClInclude Include="fpga_manager.h">
      <Filter>Header Files</Filter>
    </ClInclude>
    <ClInclude Include="fpga_nic301.h">
      <Filter>Header Files</Filter>
    </ClInclude>
    <ClInclude Include="fpga_reset_manager.h">
      <Filter>Header Files</Filter>
    </ClInclude>
    <ClInclude Include="fpga_system_manager.h">
      <Filter>Header Files</Filter>
    </ClInclude>
    <ClInclude Include="hardware.h">
      <Filter>Header Files</Filter>
    </ClInclude>
    <ClInclude Include="ini_parser.h">
      <Filter>Header Files</Filter>
    </ClInclude>
    <ClInclude Include="input.h">
      <Filter>Header Files</Filter>
    </ClInclude>
    <ClInclude Include="logo.h">
      <Filter>Header Files</Filter>
    </ClInclude>
    <ClInclude Include="menu.h">
      <Filter>Header Files</Filter>
    </ClInclude>
    <ClInclude Include="osd.h">
      <Filter>Header Files</Filter>
    </ClInclude>
    <ClInclude Include="spi.h">
      <Filter>Header Files</Filter>
    </ClInclude>
    <ClInclude Include="user_io.h">
      <Filter>Header Files</Filter>
    </ClInclude>
    <ClInclude Include="file_io.h">
      <Filter>Header Files</Filter>
    </ClInclude>
    <ClInclude Include="x86.h">
      <Filter>Header Files</Filter>
    </ClInclude>
    <ClInclude Include="tzx2wav.h">
      <Filter>Header Files</Filter>
    </ClInclude>
    <ClInclude Include="DiskImage.h">
      <Filter>Header Files</Filter>
    </ClInclude>
    <ClInclude Include="cfg.h">
      <Filter>Header Files</Filter>
    </ClInclude>
    <ClInclude Include="minimig_boot.h">
      <Filter>Header Files</Filter>
    </ClInclude>
    <ClInclude Include="minimig_config.h">
      <Filter>Header Files</Filter>
    </ClInclude>
    <ClInclude Include="minimig_fdd.h">
      <Filter>Header Files</Filter>
    </ClInclude>
    <ClInclude Include="minimig_hdd.h">
      <Filter>Header Files</Filter>
    </ClInclude>
    <ClInclude Include="minimig_hdd_internal.h">
      <Filter>Header Files</Filter>
    </ClInclude>
    <ClInclude Include="st_ikbd.h">
      <Filter>Header Files</Filter>
    </ClInclude>
    <ClInclude Include="st_tos.h">
      <Filter>Header Files</Filter>
    </ClInclude>
    <ClInclude Include="brightness.h">
      <Filter>Header Files</Filter>
    </ClInclude>
    <ClInclude Include="battery.h">
      <Filter>Header Files</Filter>
    </ClInclude>
    <ClInclude Include="sxmlc.h">
      <Filter>Header Files</Filter>
    </ClInclude>
  </ItemGroup>
  <ItemGroup>
    <None Include="build.sh" />
    <None Include="Makefile" />
    <None Include="clean.sh" />
  </ItemGroup>
</Project>